
Microsoft Visual Studio Solution File, Format Version 12.00
# Visual Studio 2013
VisualStudioVersion = 12.0.30723.0
MinimumVisualStudioVersion = 10.0.40219.1
Project("{FAE04EC0-301F-11D3-BF4B-00C04F79EFBC}") = "POS.Windows", "Desktop Client\POS.Windows\POS.Windows.csproj", "{27802ACC-4619-4444-9425-A97F30239703}"
EndProject
Project("{2150E333-8FDC-42A3-9474-1A3956D46DE8}") = "Desktop Client", "Desktop Client", "{9E331F3E-6E94-4764-BEB9-B2424EDFE9D8}"
EndProject
Project("{2150E333-8FDC-42A3-9474-1A3956D46DE8}") = "Tests", "Tests", "{69F73EEC-C5CF-4CF1-90B1-246600E70CE9}"
EndProject
Project("{FAE04EC0-301F-11D3-BF4B-00C04F79EFBC}") = "POS.DesktopClient.Tests", "..\Tests\POS.DesktopClient.Tests\POS.DesktopClient.Tests.csproj", "{55D828EA-870A-4C9A-8FAA-7000CE7A34C6}"
EndProject
Project("{2150E333-8FDC-42A3-9474-1A3956D46DE8}") = "Data", "Data", "{CA5D4876-D708-4250-BD40-A6E7B6DE9E0C}"
EndProject
Project("{FAE04EC0-301F-11D3-BF4B-00C04F79EFBC}") = "POS.Data.Repository", "Data\POS.Data.Repository\POS.Data.Repository.csproj", "{C90BD26F-D6D4-4E1A-ACC5-34BA899DDA4C}"
EndProject
Project("{FAE04EC0-301F-11D3-BF4B-00C04F79EFBC}") = "POS.Repository.Tests", "..\Tests\POS.Repository.Tests\POS.Repository.Tests.csproj", "{1AE07C4E-A80D-4CDD-80B5-707DA43C0424}"
EndProject
Project("{FAE04EC0-301F-11D3-BF4B-00C04F79EFBC}") = "POS.Data", "Data\POS.Data\POS.Data.csproj", "{11A51ADC-0DA3-4BC9-A6FD-0122945FB37F}"
EndProject
Project("{FAE04EC0-301F-11D3-BF4B-00C04F79EFBC}") = "POSEntities", "Data\POSEntities\POSEntities.csproj", "{581966A1-8DEF-4378-82F5-32C2FB2F8FC7}"
EndProject
Project("{FAE04EC0-301F-11D3-BF4B-00C04F79EFBC}") = "POS.DesktopClient", "Desktop Client\POS.DesktopClient\POS.DesktopClient.csproj", "{E36EB095-EFE6-4E67-914D-971CBF6F97D9}"
EndProject
Global
	GlobalSection(SolutionConfigurationPlatforms) = preSolution
		Debug|Any CPU = Debug|Any CPU
		Release|Any CPU = Release|Any CPU
	EndGlobalSection
	GlobalSection(ProjectConfigurationPlatforms) = postSolution
		{27802ACC-4619-4444-9425-A97F30239703}.Debug|Any CPU.ActiveCfg = Debug|Any CPU
		{27802ACC-4619-4444-9425-A97F30239703}.Debug|Any CPU.Build.0 = Debug|Any CPU
		{27802ACC-4619-4444-9425-A97F30239703}.Release|Any CPU.ActiveCfg = Release|Any CPU
		{27802ACC-4619-4444-9425-A97F30239703}.Release|Any CPU.Build.0 = Release|Any CPU
		{55D828EA-870A-4C9A-8FAA-7000CE7A34C6}.Debug|Any CPU.ActiveCfg = Debug|Any CPU
		{55D828EA-870A-4C9A-8FAA-7000CE7A34C6}.Debug|Any CPU.Build.0 = Debug|Any CPU
		{55D828EA-870A-4C9A-8FAA-7000CE7A34C6}.Release|Any CPU.ActiveCfg = Release|Any CPU
		{55D828EA-870A-4C9A-8FAA-7000CE7A34C6}.Release|Any CPU.Build.0 = Release|Any CPU
		{C90BD26F-D6D4-4E1A-ACC5-34BA899DDA4C}.Debug|Any CPU.ActiveCfg = Debug|Any CPU
		{C90BD26F-D6D4-4E1A-ACC5-34BA899DDA4C}.Debug|Any CPU.Build.0 = Debug|Any CPU
		{C90BD26F-D6D4-4E1A-ACC5-34BA899DDA4C}.Release|Any CPU.ActiveCfg = Release|Any CPU
		{C90BD26F-D6D4-4E1A-ACC5-34BA899DDA4C}.Release|Any CPU.Build.0 = Release|Any CPU
		{1AE07C4E-A80D-4CDD-80B5-707DA43C0424}.Debug|Any CPU.ActiveCfg = Debug|Any CPU
		{1AE07C4E-A80D-4CDD-80B5-707DA43C0424}.Debug|Any CPU.Build.0 = Debug|Any CPU
		{1AE07C4E-A80D-4CDD-80B5-707DA43C0424}.Release|Any CPU.ActiveCfg = Release|Any CPU
		{1AE07C4E-A80D-4CDD-80B5-707DA43C0424}.Release|Any CPU.Build.0 = Release|Any CPU
		{11A51ADC-0DA3-4BC9-A6FD-0122945FB37F}.Debug|Any CPU.ActiveCfg = Debug|Any CPU
		{11A51ADC-0DA3-4BC9-A6FD-0122945FB37F}.Debug|Any CPU.Build.0 = Debug|Any CPU
		{11A51ADC-0DA3-4BC9-A6FD-0122945FB37F}.Release|Any CPU.ActiveCfg = Release|Any CPU
		{11A51ADC-0DA3-4BC9-A6FD-0122945FB37F}.Release|Any CPU.Build.0 = Release|Any CPU
		{581966A1-8DEF-4378-82F5-32C2FB2F8FC7}.Debug|Any CPU.ActiveCfg = Debug|Any CPU
		{581966A1-8DEF-4378-82F5-32C2FB2F8FC7}.Debug|Any CPU.Build.0 = Debug|Any CPU
		{581966A1-8DEF-4378-82F5-32C2FB2F8FC7}.Release|Any CPU.ActiveCfg = Release|Any CPU
		{581966A1-8DEF-4378-82F5-32C2FB2F8FC7}.Release|Any CPU.Build.0 = Release|Any CPU
		{E36EB095-EFE6-4E67-914D-971CBF6F97D9}.Debug|Any CPU.ActiveCfg = Debug|Any CPU
		{E36EB095-EFE6-4E67-914D-971CBF6F97D9}.Debug|Any CPU.Build.0 = Debug|Any CPU
		{E36EB095-EFE6-4E67-914D-971CBF6F97D9}.Release|Any CPU.ActiveCfg = Release|Any CPU
		{E36EB095-EFE6-4E67-914D-971CBF6F97D9}.Release|Any CPU.Build.0 = Release|Any CPU
	EndGlobalSection
	GlobalSection(SolutionProperties) = preSolution
		HideSolutionNode = FALSE
	EndGlobalSection
	GlobalSection(NestedProjects) = preSolution
		{27802ACC-4619-4444-9425-A97F30239703} = {9E331F3E-6E94-4764-BEB9-B2424EDFE9D8}
		{55D828EA-870A-4C9A-8FAA-7000CE7A34C6} = {69F73EEC-C5CF-4CF1-90B1-246600E70CE9}
		{CA5D4876-D708-4250-BD40-A6E7B6DE9E0C} = {9E331F3E-6E94-4764-BEB9-B2424EDFE9D8}
		{C90BD26F-D6D4-4E1A-ACC5-34BA899DDA4C} = {CA5D4876-D708-4250-BD40-A6E7B6DE9E0C}
		{1AE07C4E-A80D-4CDD-80B5-707DA43C0424} = {69F73EEC-C5CF-4CF1-90B1-246600E70CE9}
		{11A51ADC-0DA3-4BC9-A6FD-0122945FB37F} = {CA5D4876-D708-4250-BD40-A6E7B6DE9E0C}
		{581966A1-8DEF-4378-82F5-32C2FB2F8FC7} = {CA5D4876-D708-4250-BD40-A6E7B6DE9E0C}
		{E36EB095-EFE6-4E67-914D-971CBF6F97D9} = {9E331F3E-6E94-4764-BEB9-B2424EDFE9D8}
	EndGlobalSection
EndGlobal
