
Microsoft Visual Studio Solution File, Format Version 12.00
# Visual Studio 2013
VisualStudioVersion = 12.0.30723.0
MinimumVisualStudioVersion = 10.0.40219.1
Project("{FAE04EC0-301F-11D3-BF4B-00C04F79EFBC}") = "POS_WPF", "POS_WPF\POS_WPF.csproj", "{9767DDB9-B846-4992-A4DC-C8BFD99687F1}"
EndProject
Project("{FAE04EC0-301F-11D3-BF4B-00C04F79EFBC}") = "Caliburn.Metro.Demo", "Caliburn.Metro.Demo\Caliburn.Metro.Demo.csproj", "{9F9B7559-E8B6-43C3-BEE8-9A977BACE0FB}"
EndProject
Global
	GlobalSection(SolutionConfigurationPlatforms) = preSolution
		Debug|Any CPU = Debug|Any CPU
		Release|Any CPU = Release|Any CPU
	EndGlobalSection
	GlobalSection(ProjectConfigurationPlatforms) = postSolution
		{9767DDB9-B846-4992-A4DC-C8BFD99687F1}.Debug|Any CPU.ActiveCfg = Debug|Any CPU
		{9767DDB9-B846-4992-A4DC-C8BFD99687F1}.Debug|Any CPU.Build.0 = Debug|Any CPU
		{9767DDB9-B846-4992-A4DC-C8BFD99687F1}.Release|Any CPU.ActiveCfg = Release|Any CPU
		{9767DDB9-B846-4992-A4DC-C8BFD99687F1}.Release|Any CPU.Build.0 = Release|Any CPU
		{9F9B7559-E8B6-43C3-BEE8-9A977BACE0FB}.Debug|Any CPU.ActiveCfg = Debug|Any CPU
		{9F9B7559-E8B6-43C3-BEE8-9A977BACE0FB}.Debug|Any CPU.Build.0 = Debug|Any CPU
		{9F9B7559-E8B6-43C3-BEE8-9A977BACE0FB}.Release|Any CPU.ActiveCfg = Release|Any CPU
		{9F9B7559-E8B6-43C3-BEE8-9A977BACE0FB}.Release|Any CPU.Build.0 = Release|Any CPU
	EndGlobalSection
	GlobalSection(SolutionProperties) = preSolution
		HideSolutionNode = FALSE
	EndGlobalSection
EndGlobal
